// !$*UTF8*$!
{
	archiveVersion = 1;
	classes = {
	};
	objectVersion = 56;
	objects = {

/* Begin PBXBuildFile section */
		3717A92B2C983D770020E89D /* DailyUIApp.swift in Sources */ = {isa = PBXBuildFile; fileRef = 3717A92A2C983D770020E89D /* DailyUIApp.swift */; };
		3717A92D2C983D770020E89D /* ContentView.swift in Sources */ = {isa = PBXBuildFile; fileRef = 3717A92C2C983D770020E89D /* ContentView.swift */; };
		3717A92F2C983D770020E89D /* Item.swift in Sources */ = {isa = PBXBuildFile; fileRef = 3717A92E2C983D770020E89D /* Item.swift */; };
		3717A9312C983D790020E89D /* Assets.xcassets in Resources */ = {isa = PBXBuildFile; fileRef = 3717A9302C983D790020E89D /* Assets.xcassets */; };
		3717A9342C983D790020E89D /* Preview Assets.xcassets in Resources */ = {isa = PBXBuildFile; fileRef = 3717A9332C983D790020E89D /* Preview Assets.xcassets */; };
		3717A93E2C983D790020E89D /* DailyUITests.swift in Sources */ = {isa = PBXBuildFile; fileRef = 3717A93D2C983D790020E89D /* DailyUITests.swift */; };
		3717A9482C983D790020E89D /* DailyUIUITests.swift in Sources */ = {isa = PBXBuildFile; fileRef = 3717A9472C983D790020E89D /* DailyUIUITests.swift */; };
		3717A94A2C983D790020E89D /* DailyUIUITestsLaunchTests.swift in Sources */ = {isa = PBXBuildFile; fileRef = 3717A9492C983D790020E89D /* DailyUIUITestsLaunchTests.swift */; };
/* End PBXBuildFile section */

/* Begin PBXContainerItemProxy section */
		3717A93A2C983D790020E89D /* PBXContainerItemProxy */ = {
			isa = PBXContainerItemProxy;
			containerPortal = 3717A91F2C983D770020E89D /* Project object */;
			proxyType = 1;
			remoteGlobalIDString = 3717A9262C983D770020E89D;
			remoteInfo = DailyUI;
		};
		3717A9442C983D790020E89D /* PBXContainerItemProxy */ = {
			isa = PBXContainerItemProxy;
			containerPortal = 3717A91F2C983D770020E89D /* Project object */;
			proxyType = 1;
			remoteGlobalIDString = 3717A9262C983D770020E89D;
			remoteInfo = DailyUI;
		};
/* End PBXContainerItemProxy section */

/* Begin PBXFileReference section */
		3717A9272C983D770020E89D /* DailyUI.app */ = {isa = PBXFileReference; explicitFileType = wrapper.application; includeInIndex = 0; path = DailyUI.app; sourceTree = BUILT_PRODUCTS_DIR; };
		3717A92A2C983D770020E89D /* DailyUIApp.swift */ = {isa = PBXFileReference; lastKnownFileType = sourcecode.swift; path = DailyUIApp.swift; sourceTree = "<group>"; };
		3717A92C2C983D770020E89D /* ContentView.swift */ = {isa = PBXFileReference; lastKnownFileType = sourcecode.swift; path = ContentView.swift; sourceTree = "<group>"; };
		3717A92E2C983D770020E89D /* Item.swift */ = {isa = PBXFileReference; lastKnownFileType = sourcecode.swift; path = Item.swift; sourceTree = "<group>"; };
		3717A9302C983D790020E89D /* Assets.xcassets */ = {isa = PBXFileReference; lastKnownFileType = folder.assetcatalog; path = Assets.xcassets; sourceTree = "<group>"; };
		3717A9332C983D790020E89D /* Preview Assets.xcassets */ = {isa = PBXFileReference; lastKnownFileType = folder.assetcatalog; path = "Preview Assets.xcassets"; sourceTree = "<group>"; };
		3717A9392C983D790020E89D /* DailyUITests.xctest */ = {isa = PBXFileReference; explicitFileType = wrapper.cfbundle; includeInIndex = 0; path = DailyUITests.xctest; sourceTree = BUILT_PRODUCTS_DIR; };
		3717A93D2C983D790020E89D /* DailyUITests.swift */ = {isa = PBXFileReference; lastKnownFileType = sourcecode.swift; path = DailyUITests.swift; sourceTree = "<group>"; };
		3717A9432C983D790020E89D /* DailyUIUITests.xctest */ = {isa = PBXFileReference; explicitFileType = wrapper.cfbundle; includeInIndex = 0; path = DailyUIUITests.xctest; sourceTree = BUILT_PRODUCTS_DIR; };
		3717A9472C983D790020E89D /* DailyUIUITests.swift */ = {isa = PBXFileReference; lastKnownFileType = sourcecode.swift; path = DailyUIUITests.swift; sourceTree = "<group>"; };
		3717A9492C983D790020E89D /* DailyUIUITestsLaunchTests.swift */ = {isa = PBXFileReference; lastKnownFileType = sourcecode.swift; path = DailyUIUITestsLaunchTests.swift; sourceTree = "<group>"; };
/* End PBXFileReference section */

/* Begin PBXFrameworksBuildPhase section */
		3717A9242C983D770020E89D /* Frameworks */ = {
			isa = PBXFrameworksBuildPhase;
			buildActionMask = 2147483647;
			files = (
			);
			runOnlyForDeploymentPostprocessing = 0;
		};
		3717A9362C983D790020E89D /* Frameworks */ = {
			isa = PBXFrameworksBuildPhase;
			buildActionMask = 2147483647;
			files = (
			);
			runOnlyForDeploymentPostprocessing = 0;
		};
		3717A9402C983D790020E89D /* Frameworks */ = {
			isa = PBXFrameworksBuildPhase;
			buildActionMask = 2147483647;
			files = (
			);
			runOnlyForDeploymentPostprocessing = 0;
		};
/* End PBXFrameworksBuildPhase section */

/* Begin PBXGroup section */
		3717A91E2C983D770020E89D = {
			isa = PBXGroup;
			children = (
				3717A9292C983D770020E89D /* DailyUI */,
				3717A93C2C983D790020E89D /* DailyUITests */,
				3717A9462C983D790020E89D /* DailyUIUITests */,
				3717A9282C983D770020E89D /* Products */,
			);
			sourceTree = "<group>";
		};
		3717A9282C983D770020E89D /* Products */ = {
			isa = PBXGroup;
			children = (
				3717A9272C983D770020E89D /* DailyUI.app */,
				3717A9392C983D790020E89D /* DailyUITests.xctest */,
				3717A9432C983D790020E89D /* DailyUIUITests.xctest */,
			);
			name = Products;
			sourceTree = "<group>";
		};
		3717A9292C983D770020E89D /* DailyUI */ = {
			isa = PBXGroup;
			children = (
				3717A92A2C983D770020E89D /* DailyUIApp.swift */,
				3717A92C2C983D770020E89D /* ContentView.swift */,
				3717A92E2C983D770020E89D /* Item.swift */,
				3717A9302C983D790020E89D /* Assets.xcassets */,
				3717A9322C983D790020E89D /* Preview Content */,
			);
			path = DailyUI;
			sourceTree = "<group>";
		};
		3717A9322C983D790020E89D /* Preview Content */ = {
			isa = PBXGroup;
			children = (
				3717A9332C983D790020E89D /* Preview Assets.xcassets */,
			);
			path = "Preview Content";
			sourceTree = "<group>";
		};
		3717A93C2C983D790020E89D /* DailyUITests */ = {
			isa = PBXGroup;
			children = (
				3717A93D2C983D790020E89D /* DailyUITests.swift */,
			);
			path = DailyUITests;
			sourceTree = "<group>";
		};
		3717A9462C983D790020E89D /* DailyUIUITests */ = {
			isa = PBXGroup;
			children = (
				3717A9472C983D790020E89D /* DailyUIUITests.swift */,
				3717A9492C983D790020E89D /* DailyUIUITestsLaunchTests.swift */,
			);
			path = DailyUIUITests;
			sourceTree = "<group>";
		};
/* End PBXGroup section */

/* Begin PBXNativeTarget section */
		3717A9262C983D770020E89D /* DailyUI */ = {
			isa = PBXNativeTarget;
			buildConfigurationList = 3717A94D2C983D790020E89D /* Build configuration list for PBXNativeTarget "DailyUI" */;
			buildPhases = (
				3717A9232C983D770020E89D /* Sources */,
				3717A9242C983D770020E89D /* Frameworks */,
				3717A9252C983D770020E89D /* Resources */,
			);
			buildRules = (
			);
			dependencies = (
			);
			name = DailyUI;
			productName = DailyUI;
			productReference = 3717A9272C983D770020E89D /* DailyUI.app */;
			productType = "com.apple.product-type.application";
		};
		3717A9382C983D790020E89D /* DailyUITests */ = {
			isa = PBXNativeTarget;
			buildConfigurationList = 3717A9502C983D790020E89D /* Build configuration list for PBXNativeTarget "DailyUITests" */;
			buildPhases = (
				3717A9352C983D790020E89D /* Sources */,
				3717A9362C983D790020E89D /* Frameworks */,
				3717A9372C983D790020E89D /* Resources */,
			);
			buildRules = (
			);
			dependencies = (
				3717A93B2C983D790020E89D /* PBXTargetDependency */,
			);
			name = DailyUITests;
			productName = DailyUITests;
			productReference = 3717A9392C983D790020E89D /* DailyUITests.xctest */;
			productType = "com.apple.product-type.bundle.unit-test";
		};
		3717A9422C983D790020E89D /* DailyUIUITests */ = {
			isa = PBXNativeTarget;
			buildConfigurationList = 3717A9532C983D790020E89D /* Build configuration list for PBXNativeTarget "DailyUIUITests" */;
			buildPhases = (
				3717A93F2C983D790020E89D /* Sources */,
				3717A9402C983D790020E89D /* Frameworks */,
				3717A9412C983D790020E89D /* Resources */,
			);
			buildRules = (
			);
			dependencies = (
				3717A9452C983D790020E89D /* PBXTargetDependency */,
			);
			name = DailyUIUITests;
			productName = DailyUIUITests;
			productReference = 3717A9432C983D790020E89D /* DailyUIUITests.xctest */;
			productType = "com.apple.product-type.bundle.ui-testing";
		};
/* End PBXNativeTarget section */

/* Begin PBXProject section */
		3717A91F2C983D770020E89D /* Project object */ = {
			isa = PBXProject;
			attributes = {
				BuildIndependentTargetsInParallel = 1;
				LastSwiftUpdateCheck = 1500;
				LastUpgradeCheck = 1500;
				TargetAttributes = {
					3717A9262C983D770020E89D = {
						CreatedOnToolsVersion = 15.0;
					};
					3717A9382C983D790020E89D = {
						CreatedOnToolsVersion = 15.0;
						TestTargetID = 3717A9262C983D770020E89D;
					};
					3717A9422C983D790020E89D = {
						CreatedOnToolsVersion = 15.0;
						TestTargetID = 3717A9262C983D770020E89D;
					};
				};
			};
			buildConfigurationList = 3717A9222C983D770020E89D /* Build configuration list for PBXProject "DailyUI" */;
			compatibilityVersion = "Xcode 14.0";
			developmentRegion = en;
			hasScannedForEncodings = 0;
			knownRegions = (
				en,
				Base,
			);
			mainGroup = 3717A91E2C983D770020E89D;
			productRefGroup = 3717A9282C983D770020E89D /* Products */;
			projectDirPath = "";
			projectRoot = "";
			targets = (
				3717A9262C983D770020E89D /* DailyUI */,
				3717A9382C983D790020E89D /* DailyUITests */,
				3717A9422C983D790020E89D /* DailyUIUITests */,
			);
		};
/* End PBXProject section */

/* Begin PBXResourcesBuildPhase section */
		3717A9252C983D770020E89D /* Resources */ = {
			isa = PBXResourcesBuildPhase;
			buildActionMask = 2147483647;
			files = (
				3717A9342C983D790020E89D /* Preview Assets.xcassets in Resources */,
				3717A9312C983D790020E89D /* Assets.xcassets in Resources */,
			);
			runOnlyForDeploymentPostprocessing = 0;
		};
		3717A9372C983D790020E89D /* Resources */ = {
			isa = PBXResourcesBuildPhase;
			buildActionMask = 2147483647;
			files = (
			);
			runOnlyForDeploymentPostprocessing = 0;
		};
		3717A9412C983D790020E89D /* Resources */ = {
			isa = PBXResourcesBuildPhase;
			buildActionMask = 2147483647;
			files = (
			);
			runOnlyForDeploymentPostprocessing = 0;
		};
/* End PBXResourcesBuildPhase section */

/* Begin PBXSourcesBuildPhase section */
		3717A9232C983D770020E89D /* Sources */ = {
			isa = PBXSourcesBuildPhase;
			buildActionMask = 2147483647;
			files = (
				3717A92D2C983D770020E89D /* ContentView.swift in Sources */,
				3717A92F2C983D770020E89D /* Item.swift in Sources */,
				3717A92B2C983D770020E89D /* DailyUIApp.swift in Sources */,
			);
			runOnlyForDeploymentPostprocessing = 0;
		};
		3717A9352C983D790020E89D /* Sources */ = {
			isa = PBXSourcesBuildPhase;
			buildActionMask = 2147483647;
			files = (
				3717A93E2C983D790020E89D /* DailyUITests.swift in Sources */,
			);
			runOnlyForDeploymentPostprocessing = 0;
		};
		3717A93F2C983D790020E89D /* Sources */ = {
			isa = PBXSourcesBuildPhase;
			buildActionMask = 2147483647;
			files = (
				3717A94A2C983D790020E89D /* DailyUIUITestsLaunchTests.swift in Sources */,
				3717A9482C983D790020E89D /* DailyUIUITests.swift in Sources */,
			);
			runOnlyForDeploymentPostprocessing = 0;
		};
/* End PBXSourcesBuildPhase section */

/* Begin PBXTargetDependency section */
		3717A93B2C983D790020E89D /* PBXTargetDependency */ = {
			isa = PBXTargetDependency;
			target = 3717A9262C983D770020E89D /* DailyUI */;
			targetProxy = 3717A93A2C983D790020E89D /* PBXContainerItemProxy */;
		};
		3717A9452C983D790020E89D /* PBXTargetDependency */ = {
			isa = PBXTargetDependency;
			target = 3717A9262C983D770020E89D /* DailyUI */;
			targetProxy = 3717A9442C983D790020E89D /* PBXContainerItemProxy */;
		};
/* End PBXTargetDependency section */

/* Begin XCBuildConfiguration section */
		3717A94B2C983D790020E89D /* Debug */ = {
			isa = XCBuildConfiguration;
			buildSettings = {
				ALWAYS_SEARCH_USER_PATHS = NO;
				ASSETCATALOG_COMPILER_GENERATE_SWIFT_ASSET_SYMBOL_EXTENSIONS = YES;
				CLANG_ANALYZER_NONNULL = YES;
				CLANG_ANALYZER_NUMBER_OBJECT_CONVERSION = YES_AGGRESSIVE;
				CLANG_CXX_LANGUAGE_STANDARD = "gnu++20";
				CLANG_ENABLE_MODULES = YES;
				CLANG_ENABLE_OBJC_ARC = YES;
				CLANG_ENABLE_OBJC_WEAK = YES;
				CLANG_WARN_BLOCK_CAPTURE_AUTORELEASING = YES;
				CLANG_WARN_BOOL_CONVERSION = YES;
				CLANG_WARN_COMMA = YES;
				CLANG_WARN_CONSTANT_CONVERSION = YES;
				CLANG_WARN_DEPRECATED_OBJC_IMPLEMENTATIONS = YES;
				CLANG_WARN_DIRECT_OBJC_ISA_USAGE = YES_ERROR;
				CLANG_WARN_DOCUMENTATION_COMMENTS = YES;
				CLANG_WARN_EMPTY_BODY = YES;
				CLANG_WARN_ENUM_CONVERSION = YES;
				CLANG_WARN_INFINITE_RECURSION = YES;
				CLANG_WARN_INT_CONVERSION = YES;
				CLANG_WARN_NON_LITERAL_NULL_CONVERSION = YES;
				CLANG_WARN_OBJC_IMPLICIT_RETAIN_SELF = YES;
				CLANG_WARN_OBJC_LITERAL_CONVERSION = YES;
				CLANG_WARN_OBJC_ROOT_CLASS = YES_ERROR;
				CLANG_WARN_QUOTED_INCLUDE_IN_FRAMEWORK_HEADER = YES;
				CLANG_WARN_RANGE_LOOP_ANALYSIS = YES;
				CLANG_WARN_STRICT_PROTOTYPES = YES;
				CLANG_WARN_SUSPICIOUS_MOVE = YES;
				CLANG_WARN_UNGUARDED_AVAILABILITY = YES_AGGRESSIVE;
				CLANG_WARN_UNREACHABLE_CODE = YES;
				CLANG_WARN__DUPLICATE_METHOD_MATCH = YES;
				COPY_PHASE_STRIP = NO;
				DEBUG_INFORMATION_FORMAT = dwarf;
				ENABLE_STRICT_OBJC_MSGSEND = YES;
				ENABLE_TESTABILITY = YES;
				ENABLE_USER_SCRIPT_SANDBOXING = YES;
				GCC_C_LANGUAGE_STANDARD = gnu17;
				GCC_DYNAMIC_NO_PIC = NO;
				GCC_NO_COMMON_BLOCKS = YES;
				GCC_OPTIMIZATION_LEVEL = 0;
				GCC_PREPROCESSOR_DEFINITIONS = (
					"DEBUG=1",
					"$(inherited)",
				);
				GCC_WARN_64_TO_32_BIT_CONVERSION = YES;
				GCC_WARN_ABOUT_RETURN_TYPE = YES_ERROR;
				GCC_WARN_UNDECLARED_SELECTOR = YES;
				GCC_WARN_UNINITIALIZED_AUTOS = YES_AGGRESSIVE;
				GCC_WARN_UNUSED_FUNCTION = YES;
				GCC_WARN_UNUSED_VARIABLE = YES;
				IPHONEOS_DEPLOYMENT_TARGET = 17.0;
				LOCALIZATION_PREFERS_STRING_CATALOGS = YES;
				MTL_ENABLE_DEBUG_INFO = INCLUDE_SOURCE;
				MTL_FAST_MATH = YES;
				ONLY_ACTIVE_ARCH = YES;
				SDKROOT = iphoneos;
				SWIFT_ACTIVE_COMPILATION_CONDITIONS = "DEBUG $(inherited)";
				SWIFT_OPTIMIZATION_LEVEL = "-Onone";
			};
			name = Debug;
		};
		3717A94C2C983D790020E89D /* Release */ = {
			isa = XCBuildConfiguration;
			buildSettings = {
				ALWAYS_SEARCH_USER_PATHS = NO;
				ASSETCATALOG_COMPILER_GENERATE_SWIFT_ASSET_SYMBOL_EXTENSIONS = YES;
				CLANG_ANALYZER_NONNULL = YES;
				CLANG_ANALYZER_NUMBER_OBJECT_CONVERSION = YES_AGGRESSIVE;
				CLANG_CXX_LANGUAGE_STANDARD = "gnu++20";
				CLANG_ENABLE_MODULES = YES;
				CLANG_ENABLE_OBJC_ARC = YES;
				CLANG_ENABLE_OBJC_WEAK = YES;
				CLANG_WARN_BLOCK_CAPTURE_AUTORELEASING = YES;
				CLANG_WARN_BOOL_CONVERSION = YES;
				CLANG_WARN_COMMA = YES;
				CLANG_WARN_CONSTANT_CONVERSION = YES;
				CLANG_WARN_DEPRECATED_OBJC_IMPLEMENTATIONS = YES;
				CLANG_WARN_DIRECT_OBJC_ISA_USAGE = YES_ERROR;
				CLANG_WARN_DOCUMENTATION_COMMENTS = YES;
				CLANG_WARN_EMPTY_BODY = YES;
				CLANG_WARN_ENUM_CONVERSION = YES;
				CLANG_WARN_INFINITE_RECURSION = YES;
				CLANG_WARN_INT_CONVERSION = YES;
				CLANG_WARN_NON_LITERAL_NULL_CONVERSION = YES;
				CLANG_WARN_OBJC_IMPLICIT_RETAIN_SELF = YES;
				CLANG_WARN_OBJC_LITERAL_CONVERSION = YES;
				CLANG_WARN_OBJC_ROOT_CLASS = YES_ERROR;
				CLANG_WARN_QUOTED_INCLUDE_IN_FRAMEWORK_HEADER = YES;
				CLANG_WARN_RANGE_LOOP_ANALYSIS = YES;
				CLANG_WARN_STRICT_PROTOTYPES = YES;
				CLANG_WARN_SUSPICIOUS_MOVE = YES;
				CLANG_WARN_UNGUARDED_AVAILABILITY = YES_AGGRESSIVE;
				CLANG_WARN_UNREACHABLE_CODE = YES;
				CLANG_WARN__DUPLICATE_METHOD_MATCH = YES;
				COPY_PHASE_STRIP = NO;
				DEBUG_INFORMATION_FORMAT = "dwarf-with-dsym";
				ENABLE_NS_ASSERTIONS = NO;
				ENABLE_STRICT_OBJC_MSGSEND = YES;
				ENABLE_USER_SCRIPT_SANDBOXING = YES;
				GCC_C_LANGUAGE_STANDARD = gnu17;
				GCC_NO_COMMON_BLOCKS = YES;
				GCC_WARN_64_TO_32_BIT_CONVERSION = YES;
				GCC_WARN_ABOUT_RETURN_TYPE = YES_ERROR;
				GCC_WARN_UNDECLARED_SELECTOR = YES;
				GCC_WARN_UNINITIALIZED_AUTOS = YES_AGGRESSIVE;
				GCC_WARN_UNUSED_FUNCTION = YES;
				GCC_WARN_UNUSED_VARIABLE = YES;
				IPHONEOS_DEPLOYMENT_TARGET = 17.0;
				LOCALIZATION_PREFERS_STRING_CATALOGS = YES;
				MTL_ENABLE_DEBUG_INFO = NO;
				MTL_FAST_MATH = YES;
				SDKROOT = iphoneos;
				SWIFT_COMPILATION_MODE = wholemodule;
				VALIDATE_PRODUCT = YES;
			};
			name = Release;
		};
		3717A94E2C983D790020E89D /* Debug */ = {
			isa = XCBuildConfiguration;
			buildSettings = {
				ASSETCATALOG_COMPILER_APPICON_NAME = AppIcon;
				ASSETCATALOG_COMPILER_GLOBAL_ACCENT_COLOR_NAME = AccentColor;
				CODE_SIGN_STYLE = Automatic;
				CURRENT_PROJECT_VERSION = 1;
				DEVELOPMENT_ASSET_PATHS = "\"DailyUI/Preview Content\"";
				DEVELOPMENT_TEAM = KPJ5MCVMCU;
				ENABLE_PREVIEWS = YES;
				GENERATE_INFOPLIST_FILE = YES;
				INFOPLIST_KEY_UIApplicationSceneManifest_Generation = YES;
				INFOPLIST_KEY_UIApplicationSupportsIndirectInputEvents = YES;
				INFOPLIST_KEY_UILaunchScreen_Generation = YES;
				INFOPLIST_KEY_UISupportedInterfaceOrientations_iPad = "UIInterfaceOrientationPortrait UIInterfaceOrientationPortraitUpsideDown UIInterfaceOrientationLandscapeLeft UIInterfaceOrientationLandscapeRight";
				INFOPLIST_KEY_UISupportedInterfaceOrientations_iPhone = "UIInterfaceOrientationPortrait UIInterfaceOrientationLandscapeLeft UIInterfaceOrientationLandscapeRight";
				LD_RUNPATH_SEARCH_PATHS = (
					"$(inherited)",
					"@executable_path/Frameworks",
				);
				MARKETING_VERSION = 1.0;
				PRODUCT_BUNDLE_IDENTIFIER = com.44dev.DailyUI;
				PRODUCT_NAME = "$(TARGET_NAME)";
				SWIFT_EMIT_LOC_STRINGS = YES;
				SWIFT_VERSION = 5.0;
				TARGETED_DEVICE_FAMILY = "1,2";
			};
			name = Debug;
		};
		3717A94F2C983D790020E89D /* Release */ = {
			isa = XCBuildConfiguration;
			buildSettings = {
				ASSETCATALOG_COMPILER_APPICON_NAME = AppIcon;
				ASSETCATALOG_COMPILER_GLOBAL_ACCENT_COLOR_NAME = AccentColor;
				CODE_SIGN_STYLE = Automatic;
				CURRENT_PROJECT_VERSION = 1;
				DEVELOPMENT_ASSET_PATHS = "\"DailyUI/Preview Content\"";
				DEVELOPMENT_TEAM = KPJ5MCVMCU;
				ENABLE_PREVIEWS = YES;
				GENERATE_INFOPLIST_FILE = YES;
				INFOPLIST_KEY_UIApplicationSceneManifest_Generation = YES;
				INFOPLIST_KEY_UIApplicationSupportsIndirectInputEvents = YES;
				INFOPLIST_KEY_UILaunchScreen_Generation = YES;
				INFOPLIST_KEY_UISupportedInterfaceOrientations_iPad = "UIInterfaceOrientationPortrait UIInterfaceOrientationPortraitUpsideDown UIInterfaceOrientationLandscapeLeft UIInterfaceOrientationLandscapeRight";
				INFOPLIST_KEY_UISupportedInterfaceOrientations_iPhone = "UIInterfaceOrientationPortrait UIInterfaceOrientationLandscapeLeft UIInterfaceOrientationLandscapeRight";
				LD_RUNPATH_SEARCH_PATHS = (
					"$(inherited)",
					"@executable_path/Frameworks",
				);
				MARKETING_VERSION = 1.0;
				PRODUCT_BUNDLE_IDENTIFIER = com.44dev.DailyUI;
				PRODUCT_NAME = "$(TARGET_NAME)";
				SWIFT_EMIT_LOC_STRINGS = YES;
				SWIFT_VERSION = 5.0;
				TARGETED_DEVICE_FAMILY = "1,2";
			};
			name = Release;
		};
		3717A9512C983D790020E89D /* Debug */ = {
			isa = XCBuildConfiguration;
			buildSettings = {
				ALWAYS_EMBED_SWIFT_STANDARD_LIBRARIES = YES;
				BUNDLE_LOADER = "$(TEST_HOST)";
				CODE_SIGN_STYLE = Automatic;
				CURRENT_PROJECT_VERSION = 1;
				DEVELOPMENT_TEAM = KPJ5MCVMCU;
				GENERATE_INFOPLIST_FILE = YES;
				IPHONEOS_DEPLOYMENT_TARGET = 17.0;
				MARKETING_VERSION = 1.0;
				PRODUCT_BUNDLE_IDENTIFIER = com.44dev.DailyUITests;
				PRODUCT_NAME = "$(TARGET_NAME)";
				SWIFT_EMIT_LOC_STRINGS = NO;
				SWIFT_VERSION = 5.0;
				TARGETED_DEVICE_FAMILY = "1,2";
				TEST_HOST = "$(BUILT_PRODUCTS_DIR)/DailyUI.app/$(BUNDLE_EXECUTABLE_FOLDER_PATH)/DailyUI";
			};
			name = Debug;
		};
		3717A9522C983D790020E89D /* Release */ = {
			isa = XCBuildConfiguration;
			buildSettings = {
				ALWAYS_EMBED_SWIFT_STANDARD_LIBRARIES = YES;
				BUNDLE_LOADER = "$(TEST_HOST)";
				CODE_SIGN_STYLE = Automatic;
				CURRENT_PROJECT_VERSION = 1;
				DEVELOPMENT_TEAM = KPJ5MCVMCU;
				GENERATE_INFOPLIST_FILE = YES;
				IPHONEOS_DEPLOYMENT_TARGET = 17.0;
				MARKETING_VERSION = 1.0;
				PRODUCT_BUNDLE_IDENTIFIER = com.44dev.DailyUITests;
				PRODUCT_NAME = "$(TARGET_NAME)";
				SWIFT_EMIT_LOC_STRINGS = NO;
				SWIFT_VERSION = 5.0;
				TARGETED_DEVICE_FAMILY = "1,2";
				TEST_HOST = "$(BUILT_PRODUCTS_DIR)/DailyUI.app/$(BUNDLE_EXECUTABLE_FOLDER_PATH)/DailyUI";
			};
			name = Release;
		};
		3717A9542C983D790020E89D /* Debug */ = {
			isa = XCBuildConfiguration;
			buildSettings = {
				ALWAYS_EMBED_SWIFT_STANDARD_LIBRARIES = YES;
				CODE_SIGN_STYLE = Automatic;
				CURRENT_PROJECT_VERSION = 1;
				DEVELOPMENT_TEAM = KPJ5MCVMCU;
				GENERATE_INFOPLIST_FILE = YES;
				MARKETING_VERSION = 1.0;
				PRODUCT_BUNDLE_IDENTIFIER = com.44dev.DailyUIUITests;
				PRODUCT_NAME = "$(TARGET_NAME)";
				SWIFT_EMIT_LOC_STRINGS = NO;
				SWIFT_VERSION = 5.0;
				TARGETED_DEVICE_FAMILY = "1,2";
				TEST_TARGET_NAME = DailyUI;
			};
			name = Debug;
		};
		3717A9552C983D790020E89D /* Release */ = {
			isa = XCBuildConfiguration;
			buildSettings = {
				ALWAYS_EMBED_SWIFT_STANDARD_LIBRARIES = YES;
				CODE_SIGN_STYLE = Automatic;
				CURRENT_PROJECT_VERSION = 1;
				DEVELOPMENT_TEAM = KPJ5MCVMCU;
				GENERATE_INFOPLIST_FILE = YES;
				MARKETING_VERSION = 1.0;
				PRODUCT_BUNDLE_IDENTIFIER = com.44dev.DailyUIUITests;
				PRODUCT_NAME = "$(TARGET_NAME)";
				SWIFT_EMIT_LOC_STRINGS = NO;
				SWIFT_VERSION = 5.0;
				TARGETED_DEVICE_FAMILY = "1,2";
				TEST_TARGET_NAME = DailyUI;
			};
			name = Release;
		};
/* End XCBuildConfiguration section */

/* Begin XCConfigurationList section */
		3717A9222C983D770020E89D /* Build configuration list for PBXProject "DailyUI" */ = {
			isa = XCConfigurationList;
			buildConfigurations = (
				3717A94B2C983D790020E89D /* Debug */,
				3717A94C2C983D790020E89D /* Release */,
			);
			defaultConfigurationIsVisible = 0;
			defaultConfigurationName = Release;
		};
		3717A94D2C983D790020E89D /* Build configuration list for PBXNativeTarget "DailyUI" */ = {
			isa = XCConfigurationList;
			buildConfigurations = (
				3717A94E2C983D790020E89D /* Debug */,
				3717A94F2C983D790020E89D /* Release */,
			);
			defaultConfigurationIsVisible = 0;
			defaultConfigurationName = Release;
		};
		3717A9502C983D790020E89D /* Build configuration list for PBXNativeTarget "DailyUITests" */ = {
			isa = XCConfigurationList;
			buildConfigurations = (
				3717A9512C983D790020E89D /* Debug */,
				3717A9522C983D790020E89D /* Release */,
			);
			defaultConfigurationIsVisible = 0;
			defaultConfigurationName = Release;
		};
		3717A9532C983D790020E89D /* Build configuration list for PBXNativeTarget "DailyUIUITests" */ = {
			isa = XCConfigurationList;
			buildConfigurations = (
				3717A9542C983D790020E89D /* Debug */,
				3717A9552C983D790020E89D /* Release */,
			);
			defaultConfigurationIsVisible = 0;
			defaultConfigurationName = Release;
		};
/* End XCConfigurationList section */
	};
	rootObject = 3717A91F2C983D770020E89D /* Project object */;
}
